
Microsoft Visual Studio Solution File, Format Version 12.00
# Visual Studio Version 17
VisualStudioVersion = 17.7.34024.191
MinimumVisualStudioVersion = 10.0.40219.1
Project("{9A19103F-16F7-4668-BE54-9A1E7A4F7556}") = "Shared", "Shared\Shared.csproj", "{405A8205-8F92-4D07-B722-8AC7166AF106}"
EndProject
Project("{9A19103F-16F7-4668-BE54-9A1E7A4F7556}") = "Fun.Trading.Api", "Fun.Trading.Api\Fun.Trading.Api.csproj", "{E5208E09-49A6-47DD-830D-CA87BE1C2543}"
EndProject
Project("{FAE04EC0-301F-11D3-BF4B-00C04F79EFBC}") = "Fun.Trading.Infrastructure", "Fun.Trading.Infrastructure\Fun.Trading.Infrastructure.csproj", "{01361826-AC72-485D-951F-EDC84309840A}"
EndProject
Global
	GlobalSection(SolutionConfigurationPlatforms) = preSolution
		Debug|Any CPU = Debug|Any CPU
		Release|Any CPU = Release|Any CPU
	EndGlobalSection
	GlobalSection(ProjectConfigurationPlatforms) = postSolution
		{405A8205-8F92-4D07-B722-8AC7166AF106}.Debug|Any CPU.ActiveCfg = Debug|Any CPU
		{405A8205-8F92-4D07-B722-8AC7166AF106}.Debug|Any CPU.Build.0 = Debug|Any CPU
		{405A8205-8F92-4D07-B722-8AC7166AF106}.Release|Any CPU.ActiveCfg = Release|Any CPU
		{405A8205-8F92-4D07-B722-8AC7166AF106}.Release|Any CPU.Build.0 = Release|Any CPU
		{E5208E09-49A6-47DD-830D-CA87BE1C2543}.Debug|Any CPU.ActiveCfg = Debug|Any CPU
		{E5208E09-49A6-47DD-830D-CA87BE1C2543}.Debug|Any CPU.Build.0 = Debug|Any CPU
		{E5208E09-49A6-47DD-830D-CA87BE1C2543}.Release|Any CPU.ActiveCfg = Release|Any CPU
		{E5208E09-49A6-47DD-830D-CA87BE1C2543}.Release|Any CPU.Build.0 = Release|Any CPU
		{01361826-AC72-485D-951F-EDC84309840A}.Debug|Any CPU.ActiveCfg = Debug|Any CPU
		{01361826-AC72-485D-951F-EDC84309840A}.Debug|Any CPU.Build.0 = Debug|Any CPU
		{01361826-AC72-485D-951F-EDC84309840A}.Release|Any CPU.ActiveCfg = Release|Any CPU
		{01361826-AC72-485D-951F-EDC84309840A}.Release|Any CPU.Build.0 = Release|Any CPU
	EndGlobalSection
	GlobalSection(SolutionProperties) = preSolution
		HideSolutionNode = FALSE
	EndGlobalSection
	GlobalSection(ExtensibilityGlobals) = postSolution
		SolutionGuid = {42DC41DD-0937-4DF7-A3D7-B44E525B2EE9}
	EndGlobalSection
EndGlobal
