
Microsoft Visual Studio Solution File, Format Version 12.00
# Visual Studio Version 17
VisualStudioVersion = 17.7.34024.191
MinimumVisualStudioVersion = 10.0.40219.1
Project("{FAE04EC0-301F-11D3-BF4B-00C04F79EFBC}") = "Fun.Trading.Api", "Fun.Trading.Api\Fun.Trading.Api.csproj", "{0FCFFA6E-3918-4B4E-A175-92C667ADD9D9}"
EndProject
Global
	GlobalSection(SolutionConfigurationPlatforms) = preSolution
		Debug|Any CPU = Debug|Any CPU
		Release|Any CPU = Release|Any CPU
	EndGlobalSection
	GlobalSection(ProjectConfigurationPlatforms) = postSolution
		{0FCFFA6E-3918-4B4E-A175-92C667ADD9D9}.Debug|Any CPU.ActiveCfg = Debug|Any CPU
		{0FCFFA6E-3918-4B4E-A175-92C667ADD9D9}.Debug|Any CPU.Build.0 = Debug|Any CPU
		{0FCFFA6E-3918-4B4E-A175-92C667ADD9D9}.Release|Any CPU.ActiveCfg = Release|Any CPU
		{0FCFFA6E-3918-4B4E-A175-92C667ADD9D9}.Release|Any CPU.Build.0 = Release|Any CPU
	EndGlobalSection
	GlobalSection(SolutionProperties) = preSolution
		HideSolutionNode = FALSE
	EndGlobalSection
	GlobalSection(ExtensibilityGlobals) = postSolution
		SolutionGuid = {42DC41DD-0937-4DF7-A3D7-B44E525B2EE9}
	EndGlobalSection
EndGlobal
